// !$*UTF8*$!
{
	archiveVersion = 1;
	classes = {
	};
	objectVersion = 55;
	objects = {

/* Begin PBXBuildFile section */
		122AC1D52720163700C90ECB /* Settings.bundle in Resources */ = {isa = PBXBuildFile; fileRef = 122AC1D42720163700C90ECB /* Settings.bundle */; };
		125222B027166D590013E5ED /* 📄.pdf in Resources */ = {isa = PBXBuildFile; fileRef = 125222AF27166D590013E5ED /* 📄.pdf */; };
		1260AD80272D2ECC00FFC395 /* Localizable.strings in Resources */ = {isa = PBXBuildFile; fileRef = 1260AD82272D2ECC00FFC395 /* Localizable.strings */; };
		127E610627150C6E00B44096 /* AppDelegate.swift in Sources */ = {isa = PBXBuildFile; fileRef = 127E610527150C6E00B44096 /* AppDelegate.swift */; };
		127E610827150C6E00B44096 /* SceneDelegate.swift in Sources */ = {isa = PBXBuildFile; fileRef = 127E610727150C6E00B44096 /* SceneDelegate.swift */; };
		127E610A27150C6E00B44096 /* ViewController.swift in Sources */ = {isa = PBXBuildFile; fileRef = 127E610927150C6E00B44096 /* ViewController.swift */; };
		127E610D27150C6E00B44096 /* Main.storyboard in Resources */ = {isa = PBXBuildFile; fileRef = 127E610B27150C6E00B44096 /* Main.storyboard */; };
		127E610F27150C7100B44096 /* Assets.xcassets in Resources */ = {isa = PBXBuildFile; fileRef = 127E610E27150C7100B44096 /* Assets.xcassets */; };
		127E611227150C7100B44096 /* LaunchScreen.storyboard in Resources */ = {isa = PBXBuildFile; fileRef = 127E611027150C7100B44096 /* LaunchScreen.storyboard */; };
		127E611A27150CAD00B44096 /* README.md in Resources */ = {isa = PBXBuildFile; fileRef = 127E611927150CAD00B44096 /* README.md */; };
		127E611C271568E600B44096 /* ▶️.mp4 in Resources */ = {isa = PBXBuildFile; fileRef = 127E611B271568E600B44096 /* ▶️.mp4 */; };
		127E611E271568F700B44096 /* 🄿reset.pdf in Resources */ = {isa = PBXBuildFile; fileRef = 127E611D271568F700B44096 /* 🄿reset.pdf */; };
		12EA5A3A2715A90E00DF39D6 /* 📖_ViewController.swift in Sources */ = {isa = PBXBuildFile; fileRef = 12EA5A392715A90E00DF39D6 /* 📖_ViewController.swift */; };
/* End PBXBuildFile section */

/* Begin PBXFileReference section */
		122AC1D42720163700C90ECB /* Settings.bundle */ = {isa = PBXFileReference; lastKnownFileType = "wrapper.plug-in"; path = Settings.bundle; sourceTree = "<group>"; };
		125222AF27166D590013E5ED /* 📄.pdf */ = {isa = PBXFileReference; lastKnownFileType = image.pdf; path = "📄.pdf"; sourceTree = "<group>"; };
		1260AD7D272D2E4800FFC395 /* ja */ = {isa = PBXFileReference; lastKnownFileType = text.plist.strings; name = ja; path = ja.lproj/Main.strings; sourceTree = "<group>"; };
		1260AD81272D2ECC00FFC395 /* ja */ = {isa = PBXFileReference; lastKnownFileType = text.plist.strings; name = ja; path = ja.lproj/Localizable.strings; sourceTree = "<group>"; };
		1260AD83272D2F3700FFC395 /* en */ = {isa = PBXFileReference; lastKnownFileType = text.plist.strings; name = en; path = en.lproj/Localizable.strings; sourceTree = "<group>"; };
		127E610227150C6E00B44096 /* FlipByBlink_ver3.app */ = {isa = PBXFileReference; explicitFileType = wrapper.application; includeInIndex = 0; path = FlipByBlink_ver3.app; sourceTree = BUILT_PRODUCTS_DIR; };
		127E610527150C6E00B44096 /* AppDelegate.swift */ = {isa = PBXFileReference; lastKnownFileType = sourcecode.swift; path = AppDelegate.swift; sourceTree = "<group>"; };
		127E610727150C6E00B44096 /* SceneDelegate.swift */ = {isa = PBXFileReference; lastKnownFileType = sourcecode.swift; path = SceneDelegate.swift; sourceTree = "<group>"; };
		127E610927150C6E00B44096 /* ViewController.swift */ = {isa = PBXFileReference; lastKnownFileType = sourcecode.swift; path = ViewController.swift; sourceTree = "<group>"; };
		127E610C27150C6E00B44096 /* Base */ = {isa = PBXFileReference; lastKnownFileType = file.storyboard; name = Base; path = Base.lproj/Main.storyboard; sourceTree = "<group>"; };
		127E610E27150C7100B44096 /* Assets.xcassets */ = {isa = PBXFileReference; lastKnownFileType = folder.assetcatalog; path = Assets.xcassets; sourceTree = "<group>"; };
		127E611127150C7100B44096 /* Base */ = {isa = PBXFileReference; lastKnownFileType = file.storyboard; name = Base; path = Base.lproj/LaunchScreen.storyboard; sourceTree = "<group>"; };
		127E611327150C7100B44096 /* Info.plist */ = {isa = PBXFileReference; lastKnownFileType = text.plist.xml; path = Info.plist; sourceTree = "<group>"; };
		127E611927150CAD00B44096 /* README.md */ = {isa = PBXFileReference; lastKnownFileType = net.daringfireball.markdown; path = README.md; sourceTree = "<group>"; };
		127E611B271568E600B44096 /* ▶️.mp4 */ = {isa = PBXFileReference; lastKnownFileType = file; path = "▶️.mp4"; sourceTree = "<group>"; };
		127E611D271568F700B44096 /* 🄿reset.pdf */ = {isa = PBXFileReference; lastKnownFileType = image.pdf; path = "🄿reset.pdf"; sourceTree = "<group>"; };
		12EA5A392715A90E00DF39D6 /* 📖_ViewController.swift */ = {isa = PBXFileReference; lastKnownFileType = sourcecode.swift; path = "📖_ViewController.swift"; sourceTree = "<group>"; };
/* End PBXFileReference section */

/* Begin PBXFrameworksBuildPhase section */
		127E60FF27150C6E00B44096 /* Frameworks */ = {
			isa = PBXFrameworksBuildPhase;
			buildActionMask = 2147483647;
			files = (
			);
			runOnlyForDeploymentPostprocessing = 0;
		};
/* End PBXFrameworksBuildPhase section */

/* Begin PBXGroup section */
		127E60F927150C6E00B44096 = {
			isa = PBXGroup;
			children = (
				127E611927150CAD00B44096 /* README.md */,
				127E610427150C6E00B44096 /* FlipByBlink_ver3 */,
				127E610327150C6E00B44096 /* Products */,
			);
			sourceTree = "<group>";
		};
		127E610327150C6E00B44096 /* Products */ = {
			isa = PBXGroup;
			children = (
				127E610227150C6E00B44096 /* FlipByBlink_ver3.app */,
			);
			name = Products;
			sourceTree = "<group>";
		};
		127E610427150C6E00B44096 /* FlipByBlink_ver3 */ = {
			isa = PBXGroup;
			children = (
				127E610B27150C6E00B44096 /* Main.storyboard */,
				127E610927150C6E00B44096 /* ViewController.swift */,
				12EA5A392715A90E00DF39D6 /* 📖_ViewController.swift */,
				127E610527150C6E00B44096 /* AppDelegate.swift */,
				127E610727150C6E00B44096 /* SceneDelegate.swift */,
				1260AD82272D2ECC00FFC395 /* Localizable.strings */,
				127E610E27150C7100B44096 /* Assets.xcassets */,
				127E611027150C7100B44096 /* LaunchScreen.storyboard */,
				127E611327150C7100B44096 /* Info.plist */,
				122AC1D42720163700C90ECB /* Settings.bundle */,
				127E611D271568F700B44096 /* 🄿reset.pdf */,
				125222AF27166D590013E5ED /* 📄.pdf */,
				127E611B271568E600B44096 /* ▶️.mp4 */,
			);
			path = FlipByBlink_ver3;
			sourceTree = "<group>";
		};
/* End PBXGroup section */

/* Begin PBXNativeTarget section */
		127E610127150C6E00B44096 /* FlipByBlink_ver3 */ = {
			isa = PBXNativeTarget;
			buildConfigurationList = 127E611627150C7100B44096 /* Build configuration list for PBXNativeTarget "FlipByBlink_ver3" */;
			buildPhases = (
				127E60FE27150C6E00B44096 /* Sources */,
				127E60FF27150C6E00B44096 /* Frameworks */,
				127E610027150C6E00B44096 /* Resources */,
			);
			buildRules = (
			);
			dependencies = (
			);
			name = FlipByBlink_ver3;
			productName = FlipByBlink_ver3;
			productReference = 127E610227150C6E00B44096 /* FlipByBlink_ver3.app */;
			productType = "com.apple.product-type.application";
		};
/* End PBXNativeTarget section */

/* Begin PBXProject section */
		127E60FA27150C6E00B44096 /* Project object */ = {
			isa = PBXProject;
			attributes = {
				BuildIndependentTargetsInParallel = 1;
				LastSwiftUpdateCheck = 1300;
				LastUpgradeCheck = 1300;
				TargetAttributes = {
					127E610127150C6E00B44096 = {
						CreatedOnToolsVersion = 13.0;
					};
				};
			};
			buildConfigurationList = 127E60FD27150C6E00B44096 /* Build configuration list for PBXProject "FlipByBlink_ver3" */;
			compatibilityVersion = "Xcode 13.0";
			developmentRegion = en;
			hasScannedForEncodings = 0;
			knownRegions = (
				en,
				Base,
				ja,
			);
			mainGroup = 127E60F927150C6E00B44096;
			productRefGroup = 127E610327150C6E00B44096 /* Products */;
			projectDirPath = "";
			projectRoot = "";
			targets = (
				127E610127150C6E00B44096 /* FlipByBlink_ver3 */,
			);
		};
/* End PBXProject section */

/* Begin PBXResourcesBuildPhase section */
		127E610027150C6E00B44096 /* Resources */ = {
			isa = PBXResourcesBuildPhase;
			buildActionMask = 2147483647;
			files = (
				122AC1D52720163700C90ECB /* Settings.bundle in Resources */,
				127E611227150C7100B44096 /* LaunchScreen.storyboard in Resources */,
				127E611E271568F700B44096 /* 🄿reset.pdf in Resources */,
				127E610F27150C7100B44096 /* Assets.xcassets in Resources */,
				1260AD80272D2ECC00FFC395 /* Localizable.strings in Resources */,
				127E611A27150CAD00B44096 /* README.md in Resources */,
				127E611C271568E600B44096 /* ▶️.mp4 in Resources */,
				127E610D27150C6E00B44096 /* Main.storyboard in Resources */,
				125222B027166D590013E5ED /* 📄.pdf in Resources */,
			);
			runOnlyForDeploymentPostprocessing = 0;
		};
/* End PBXResourcesBuildPhase section */

/* Begin PBXSourcesBuildPhase section */
		127E60FE27150C6E00B44096 /* Sources */ = {
			isa = PBXSourcesBuildPhase;
			buildActionMask = 2147483647;
			files = (
				127E610A27150C6E00B44096 /* ViewController.swift in Sources */,
				12EA5A3A2715A90E00DF39D6 /* 📖_ViewController.swift in Sources */,
				127E610627150C6E00B44096 /* AppDelegate.swift in Sources */,
				127E610827150C6E00B44096 /* SceneDelegate.swift in Sources */,
			);
			runOnlyForDeploymentPostprocessing = 0;
		};
/* End PBXSourcesBuildPhase section */

/* Begin PBXVariantGroup section */
		1260AD82272D2ECC00FFC395 /* Localizable.strings */ = {
			isa = PBXVariantGroup;
			children = (
				1260AD81272D2ECC00FFC395 /* ja */,
				1260AD83272D2F3700FFC395 /* en */,
			);
			name = Localizable.strings;
			sourceTree = "<group>";
		};
		127E610B27150C6E00B44096 /* Main.storyboard */ = {
			isa = PBXVariantGroup;
			children = (
				127E610C27150C6E00B44096 /* Base */,
				1260AD7D272D2E4800FFC395 /* ja */,
			);
			name = Main.storyboard;
			sourceTree = "<group>";
		};
		127E611027150C7100B44096 /* LaunchScreen.storyboard */ = {
			isa = PBXVariantGroup;
			children = (
				127E611127150C7100B44096 /* Base */,
			);
			name = LaunchScreen.storyboard;
			sourceTree = "<group>";
		};
/* End PBXVariantGroup section */

/* Begin XCBuildConfiguration section */
		127E611427150C7100B44096 /* Debug */ = {
			isa = XCBuildConfiguration;
			buildSettings = {
				ALWAYS_SEARCH_USER_PATHS = NO;
				CLANG_ANALYZER_LOCALIZABILITY_NONLOCALIZED = YES;
				CLANG_ANALYZER_NONNULL = YES;
				CLANG_ANALYZER_NUMBER_OBJECT_CONVERSION = YES_AGGRESSIVE;
				CLANG_CXX_LANGUAGE_STANDARD = "gnu++17";
				CLANG_CXX_LIBRARY = "libc++";
				CLANG_ENABLE_MODULES = YES;
				CLANG_ENABLE_OBJC_ARC = YES;
				CLANG_ENABLE_OBJC_WEAK = YES;
				CLANG_WARN_BLOCK_CAPTURE_AUTORELEASING = YES;
				CLANG_WARN_BOOL_CONVERSION = YES;
				CLANG_WARN_COMMA = YES;
				CLANG_WARN_CONSTANT_CONVERSION = YES;
				CLANG_WARN_DEPRECATED_OBJC_IMPLEMENTATIONS = YES;
				CLANG_WARN_DIRECT_OBJC_ISA_USAGE = YES_ERROR;
				CLANG_WARN_DOCUMENTATION_COMMENTS = YES;
				CLANG_WARN_EMPTY_BODY = YES;
				CLANG_WARN_ENUM_CONVERSION = YES;
				CLANG_WARN_INFINITE_RECURSION = YES;
				CLANG_WARN_INT_CONVERSION = YES;
				CLANG_WARN_NON_LITERAL_NULL_CONVERSION = YES;
				CLANG_WARN_OBJC_IMPLICIT_RETAIN_SELF = YES;
				CLANG_WARN_OBJC_LITERAL_CONVERSION = YES;
				CLANG_WARN_OBJC_ROOT_CLASS = YES_ERROR;
				CLANG_WARN_QUOTED_INCLUDE_IN_FRAMEWORK_HEADER = YES;
				CLANG_WARN_RANGE_LOOP_ANALYSIS = YES;
				CLANG_WARN_STRICT_PROTOTYPES = YES;
				CLANG_WARN_SUSPICIOUS_MOVE = YES;
				CLANG_WARN_UNGUARDED_AVAILABILITY = YES_AGGRESSIVE;
				CLANG_WARN_UNREACHABLE_CODE = YES;
				CLANG_WARN__DUPLICATE_METHOD_MATCH = YES;
				COPY_PHASE_STRIP = NO;
				DEBUG_INFORMATION_FORMAT = dwarf;
				ENABLE_STRICT_OBJC_MSGSEND = YES;
				ENABLE_TESTABILITY = YES;
				GCC_C_LANGUAGE_STANDARD = gnu11;
				GCC_DYNAMIC_NO_PIC = NO;
				GCC_NO_COMMON_BLOCKS = YES;
				GCC_OPTIMIZATION_LEVEL = 0;
				GCC_PREPROCESSOR_DEFINITIONS = (
					"DEBUG=1",
					"$(inherited)",
				);
				GCC_WARN_64_TO_32_BIT_CONVERSION = YES;
				GCC_WARN_ABOUT_RETURN_TYPE = YES_ERROR;
				GCC_WARN_UNDECLARED_SELECTOR = YES;
				GCC_WARN_UNINITIALIZED_AUTOS = YES_AGGRESSIVE;
				GCC_WARN_UNUSED_FUNCTION = YES;
				GCC_WARN_UNUSED_VARIABLE = YES;
				IPHONEOS_DEPLOYMENT_TARGET = 14.7;
				MTL_ENABLE_DEBUG_INFO = INCLUDE_SOURCE;
				MTL_FAST_MATH = YES;
				ONLY_ACTIVE_ARCH = YES;
				SDKROOT = iphoneos;
				SWIFT_ACTIVE_COMPILATION_CONDITIONS = DEBUG;
				SWIFT_OPTIMIZATION_LEVEL = "-Onone";
			};
			name = Debug;
		};
		127E611527150C7100B44096 /* Release */ = {
			isa = XCBuildConfiguration;
			buildSettings = {
				ALWAYS_SEARCH_USER_PATHS = NO;
				CLANG_ANALYZER_LOCALIZABILITY_NONLOCALIZED = YES;
				CLANG_ANALYZER_NONNULL = YES;
				CLANG_ANALYZER_NUMBER_OBJECT_CONVERSION = YES_AGGRESSIVE;
				CLANG_CXX_LANGUAGE_STANDARD = "gnu++17";
				CLANG_CXX_LIBRARY = "libc++";
				CLANG_ENABLE_MODULES = YES;
				CLANG_ENABLE_OBJC_ARC = YES;
				CLANG_ENABLE_OBJC_WEAK = YES;
				CLANG_WARN_BLOCK_CAPTURE_AUTORELEASING = YES;
				CLANG_WARN_BOOL_CONVERSION = YES;
				CLANG_WARN_COMMA = YES;
				CLANG_WARN_CONSTANT_CONVERSION = YES;
				CLANG_WARN_DEPRECATED_OBJC_IMPLEMENTATIONS = YES;
				CLANG_WARN_DIRECT_OBJC_ISA_USAGE = YES_ERROR;
				CLANG_WARN_DOCUMENTATION_COMMENTS = YES;
				CLANG_WARN_EMPTY_BODY = YES;
				CLANG_WARN_ENUM_CONVERSION = YES;
				CLANG_WARN_INFINITE_RECURSION = YES;
				CLANG_WARN_INT_CONVERSION = YES;
				CLANG_WARN_NON_LITERAL_NULL_CONVERSION = YES;
				CLANG_WARN_OBJC_IMPLICIT_RETAIN_SELF = YES;
				CLANG_WARN_OBJC_LITERAL_CONVERSION = YES;
				CLANG_WARN_OBJC_ROOT_CLASS = YES_ERROR;
				CLANG_WARN_QUOTED_INCLUDE_IN_FRAMEWORK_HEADER = YES;
				CLANG_WARN_RANGE_LOOP_ANALYSIS = YES;
				CLANG_WARN_STRICT_PROTOTYPES = YES;
				CLANG_WARN_SUSPICIOUS_MOVE = YES;
				CLANG_WARN_UNGUARDED_AVAILABILITY = YES_AGGRESSIVE;
				CLANG_WARN_UNREACHABLE_CODE = YES;
				CLANG_WARN__DUPLICATE_METHOD_MATCH = YES;
				COPY_PHASE_STRIP = NO;
				DEBUG_INFORMATION_FORMAT = "dwarf-with-dsym";
				ENABLE_NS_ASSERTIONS = NO;
				ENABLE_STRICT_OBJC_MSGSEND = YES;
				GCC_C_LANGUAGE_STANDARD = gnu11;
				GCC_NO_COMMON_BLOCKS = YES;
				GCC_WARN_64_TO_32_BIT_CONVERSION = YES;
				GCC_WARN_ABOUT_RETURN_TYPE = YES_ERROR;
				GCC_WARN_UNDECLARED_SELECTOR = YES;
				GCC_WARN_UNINITIALIZED_AUTOS = YES_AGGRESSIVE;
				GCC_WARN_UNUSED_FUNCTION = YES;
				GCC_WARN_UNUSED_VARIABLE = YES;
				IPHONEOS_DEPLOYMENT_TARGET = 14.7;
				MTL_ENABLE_DEBUG_INFO = NO;
				MTL_FAST_MATH = YES;
				SDKROOT = iphoneos;
				SWIFT_COMPILATION_MODE = wholemodule;
				SWIFT_OPTIMIZATION_LEVEL = "-O";
				VALIDATE_PRODUCT = YES;
			};
			name = Release;
		};
		127E611727150C7100B44096 /* Debug */ = {
			isa = XCBuildConfiguration;
			buildSettings = {
				ASSETCATALOG_COMPILER_APPICON_NAME = AppIcon;
				CODE_SIGN_STYLE = Automatic;
				CURRENT_PROJECT_VERSION = 1;
				DEVELOPMENT_TEAM = "";
				GENERATE_INFOPLIST_FILE = YES;
				INFOPLIST_FILE = FlipByBlink_ver3/Info.plist;
				INFOPLIST_KEY_CFBundleDisplayName = FlipByBlink;
				INFOPLIST_KEY_LSSupportsOpeningDocumentsInPlace = NO;
				INFOPLIST_KEY_NSCameraUsageDescription = "👀 Blink detection by camera. 📷";
				INFOPLIST_KEY_UIApplicationSupportsIndirectInputEvents = YES;
				INFOPLIST_KEY_UILaunchStoryboardName = LaunchScreen;
				INFOPLIST_KEY_UIMainStoryboardFile = Main;
				INFOPLIST_KEY_UISupportedInterfaceOrientations_iPad = "UIInterfaceOrientationPortrait UIInterfaceOrientationPortraitUpsideDown UIInterfaceOrientationLandscapeLeft UIInterfaceOrientationLandscapeRight";
				INFOPLIST_KEY_UISupportedInterfaceOrientations_iPhone = "UIInterfaceOrientationPortrait UIInterfaceOrientationLandscapeLeft UIInterfaceOrientationLandscapeRight";
				LD_RUNPATH_SEARCH_PATHS = (
					"$(inherited)",
					"@executable_path/Frameworks",
				);
				MARKETING_VERSION = 3.0;
				PRODUCT_BUNDLE_IDENTIFIER = "jp.ac.u-ryukyu.ie.e135753.FlipByBlink";
				PRODUCT_NAME = "$(TARGET_NAME)";
				SWIFT_EMIT_LOC_STRINGS = YES;
				SWIFT_VERSION = 5.0;
				TARGETED_DEVICE_FAMILY = "1,2";
			};
			name = Debug;
		};
		127E611827150C7100B44096 /* Release */ = {
			isa = XCBuildConfiguration;
			buildSettings = {
				ASSETCATALOG_COMPILER_APPICON_NAME = AppIcon;
				CODE_SIGN_STYLE = Automatic;
				CURRENT_PROJECT_VERSION = 1;
				DEVELOPMENT_TEAM = "";
				GENERATE_INFOPLIST_FILE = YES;
				INFOPLIST_FILE = FlipByBlink_ver3/Info.plist;
				INFOPLIST_KEY_CFBundleDisplayName = FlipByBlink;
				INFOPLIST_KEY_LSSupportsOpeningDocumentsInPlace = NO;
				INFOPLIST_KEY_NSCameraUsageDescription = "👀 Blink detection by camera. 📷";
				INFOPLIST_KEY_UIApplicationSupportsIndirectInputEvents = YES;
				INFOPLIST_KEY_UILaunchStoryboardName = LaunchScreen;
				INFOPLIST_KEY_UIMainStoryboardFile = Main;
				INFOPLIST_KEY_UISupportedInterfaceOrientations_iPad = "UIInterfaceOrientationPortrait UIInterfaceOrientationPortraitUpsideDown UIInterfaceOrientationLandscapeLeft UIInterfaceOrientationLandscapeRight";
				INFOPLIST_KEY_UISupportedInterfaceOrientations_iPhone = "UIInterfaceOrientationPortrait UIInterfaceOrientationLandscapeLeft UIInterfaceOrientationLandscapeRight";
				LD_RUNPATH_SEARCH_PATHS = (
					"$(inherited)",
					"@executable_path/Frameworks",
				);
				MARKETING_VERSION = 3.0;
				PRODUCT_BUNDLE_IDENTIFIER = "jp.ac.u-ryukyu.ie.e135753.FlipByBlink";
				PRODUCT_NAME = "$(TARGET_NAME)";
				SWIFT_EMIT_LOC_STRINGS = YES;
				SWIFT_VERSION = 5.0;
				TARGETED_DEVICE_FAMILY = "1,2";
			};
			name = Release;
		};
/* End XCBuildConfiguration section */

/* Begin XCConfigurationList section */
		127E60FD27150C6E00B44096 /* Build configuration list for PBXProject "FlipByBlink_ver3" */ = {
			isa = XCConfigurationList;
			buildConfigurations = (
				127E611427150C7100B44096 /* Debug */,
				127E611527150C7100B44096 /* Release */,
			);
			defaultConfigurationIsVisible = 0;
			defaultConfigurationName = Release;
		};
		127E611627150C7100B44096 /* Build configuration list for PBXNativeTarget "FlipByBlink_ver3" */ = {
			isa = XCConfigurationList;
			buildConfigurations = (
				127E611727150C7100B44096 /* Debug */,
				127E611827150C7100B44096 /* Release */,
			);
			defaultConfigurationIsVisible = 0;
			defaultConfigurationName = Release;
		};
/* End XCConfigurationList section */
	};
	rootObject = 127E60FA27150C6E00B44096 /* Project object */;
}
